# THIS IS AN AUTOGENERATED FILE. DO NOT EDIT THIS FILE DIRECTLY.
# yarn lockfile v1


strapi-plugin-server-route-permission@^2.0.4:
  version "2.0.4"
  resolved "https://registry.yarnpkg.com/strapi-plugin-server-route-permission/-/strapi-plugin-server-route-permission-2.0.4.tgz#c77520f790dffa87b62ba100ca86cf2d1958ceeb"
  integrity sha512-g5FZMIE9oc5THCcIZErj6+PBnI/ozMMUJAAbEsjSKVszDAvGHSjAnDaxhNDHn17jfyjUFtdQEWUPmwwclP+CzA==
